
Microsoft Visual Studio Solution File, Format Version 12.00
# Visual Studio Version 17
VisualStudioVersion = 17.10.35027.167
MinimumVisualStudioVersion = 10.0.40219.1
Project("{FAE04EC0-301F-11D3-BF4B-00C04F79EFBC}") = "SkillHubApi", "SkillHubApi.csproj", "{1BF8ADB6-C3AA-41D2-8046-B78048F8A270}"
EndProject
Global
	GlobalSection(SolutionConfigurationPlatforms) = preSolution
		Debug|Any CPU = Debug|Any CPU
		Release|Any CPU = Release|Any CPU
	EndGlobalSection
	GlobalSection(ProjectConfigurationPlatforms) = postSolution
		{1BF8ADB6-C3AA-41D2-8046-B78048F8A270}.Debug|Any CPU.ActiveCfg = Debug|Any CPU
		{1BF8ADB6-C3AA-41D2-8046-B78048F8A270}.Debug|Any CPU.Build.0 = Debug|Any CPU
		{1BF8ADB6-C3AA-41D2-8046-B78048F8A270}.Release|Any CPU.ActiveCfg = Release|Any CPU
		{1BF8ADB6-C3AA-41D2-8046-B78048F8A270}.Release|Any CPU.Build.0 = Release|Any CPU
	EndGlobalSection
	GlobalSection(SolutionProperties) = preSolution
		HideSolutionNode = FALSE
	EndGlobalSection
	GlobalSection(ExtensibilityGlobals) = postSolution
		SolutionGuid = {F8024D4E-0B3C-448D-A6B3-AB806D569351}
	EndGlobalSection
EndGlobal
